
Microsoft Visual Studio Solution File, Format Version 12.00
# Visual Studio 15
VisualStudioVersion = 15.0.28307.421
MinimumVisualStudioVersion = 10.0.40219.1
Project("{FAE04EC0-301F-11D3-BF4B-00C04F79EFBC}") = "EtsyService", "EtsyService\EtsyService.csproj", "{44A07C1D-322B-403A-81E8-80FB14ADD214}"
EndProject
Global
	GlobalSection(SolutionConfigurationPlatforms) = preSolution
		Debug|Any CPU = Debug|Any CPU
		Release|Any CPU = Release|Any CPU
	EndGlobalSection
	GlobalSection(ProjectConfigurationPlatforms) = postSolution
		{44A07C1D-322B-403A-81E8-80FB14ADD214}.Debug|Any CPU.ActiveCfg = Debug|Any CPU
		{44A07C1D-322B-403A-81E8-80FB14ADD214}.Debug|Any CPU.Build.0 = Debug|Any CPU
		{44A07C1D-322B-403A-81E8-80FB14ADD214}.Release|Any CPU.ActiveCfg = Release|Any CPU
		{44A07C1D-322B-403A-81E8-80FB14ADD214}.Release|Any CPU.Build.0 = Release|Any CPU
	EndGlobalSection
	GlobalSection(SolutionProperties) = preSolution
		HideSolutionNode = FALSE
	EndGlobalSection
	GlobalSection(ExtensibilityGlobals) = postSolution
		SolutionGuid = {61D08C9B-52F3-4138-A26E-ED7FB69351AD}
	EndGlobalSection
EndGlobal
